
Microsoft Visual Studio Solution File, Format Version 12.00
# Visual Studio Version 17
VisualStudioVersion = 17.13.35931.197
MinimumVisualStudioVersion = 10.0.40219.1
Project("{FAE04EC0-301F-11D3-BF4B-00C04F79EFBC}") = "AracK1", "AracK1\AracK1.csproj", "{8C8A4334-214C-497D-8ADA-832BC83ACA87}"
EndProject
Project("{FAE04EC0-301F-11D3-BF4B-00C04F79EFBC}") = "TestProject1", "TestProject1\TestProject1.csproj", "{94D7A60F-887E-43A9-B4F9-072E79ACCC1D}"
EndProject
Global
	GlobalSection(SolutionConfigurationPlatforms) = preSolution
		Debug|Any CPU = Debug|Any CPU
		Release|Any CPU = Release|Any CPU
	EndGlobalSection
	GlobalSection(ProjectConfigurationPlatforms) = postSolution
		{8C8A4334-214C-497D-8ADA-832BC83ACA87}.Debug|Any CPU.ActiveCfg = Debug|Any CPU
		{8C8A4334-214C-497D-8ADA-832BC83ACA87}.Debug|Any CPU.Build.0 = Debug|Any CPU
		{8C8A4334-214C-497D-8ADA-832BC83ACA87}.Release|Any CPU.ActiveCfg = Release|Any CPU
		{8C8A4334-214C-497D-8ADA-832BC83ACA87}.Release|Any CPU.Build.0 = Release|Any CPU
		{94D7A60F-887E-43A9-B4F9-072E79ACCC1D}.Debug|Any CPU.ActiveCfg = Debug|Any CPU
		{94D7A60F-887E-43A9-B4F9-072E79ACCC1D}.Debug|Any CPU.Build.0 = Debug|Any CPU
		{94D7A60F-887E-43A9-B4F9-072E79ACCC1D}.Release|Any CPU.ActiveCfg = Release|Any CPU
		{94D7A60F-887E-43A9-B4F9-072E79ACCC1D}.Release|Any CPU.Build.0 = Release|Any CPU
	EndGlobalSection
	GlobalSection(SolutionProperties) = preSolution
		HideSolutionNode = FALSE
	EndGlobalSection
	GlobalSection(ExtensibilityGlobals) = postSolution
		SolutionGuid = {91A63D3E-26A3-4826-9FDF-3217C8C4F006}
	EndGlobalSection
EndGlobal
